// !$*UTF8*$!
{
	archiveVersion = 1;
	classes = {
	};
	objectVersion = 50;
	objects = {

/* Begin PBXBuildFile section */
		5EB7121924F961670044E3AE /* AppDelegate.swift in Sources */ = {isa = PBXBuildFile; fileRef = 5EB7121824F961670044E3AE /* AppDelegate.swift */; };
		5EB7121B24F961670044E3AE /* SceneDelegate.swift in Sources */ = {isa = PBXBuildFile; fileRef = 5EB7121A24F961670044E3AE /* SceneDelegate.swift */; };
		5EB7121F24F9616A0044E3AE /* Assets.xcassets in Resources */ = {isa = PBXBuildFile; fileRef = 5EB7121E24F9616A0044E3AE /* Assets.xcassets */; };
		5EB7122224F9616A0044E3AE /* Preview Assets.xcassets in Resources */ = {isa = PBXBuildFile; fileRef = 5EB7122124F9616A0044E3AE /* Preview Assets.xcassets */; };
		5EB7122524F9616A0044E3AE /* LaunchScreen.storyboard in Resources */ = {isa = PBXBuildFile; fileRef = 5EB7122324F9616A0044E3AE /* LaunchScreen.storyboard */; };
		5EB7123024F9616A0044E3AE /* AirBnbAssignmentTests.swift in Sources */ = {isa = PBXBuildFile; fileRef = 5EB7122F24F9616A0044E3AE /* AirBnbAssignmentTests.swift */; };
		5EB7123F24F965DE0044E3AE /* ABNBNetworkService.swift in Sources */ = {isa = PBXBuildFile; fileRef = 5EB7123E24F965DE0044E3AE /* ABNBNetworkService.swift */; };
		5EB7124124F966980044E3AE /* AlbumModel.swift in Sources */ = {isa = PBXBuildFile; fileRef = 5EB7124024F966980044E3AE /* AlbumModel.swift */; };
		5EB7124324F966A40044E3AE /* AlbumViewModel.swift in Sources */ = {isa = PBXBuildFile; fileRef = 5EB7124224F966A40044E3AE /* AlbumViewModel.swift */; };
		5EB7124524F966D40044E3AE /* AlbumList.swift in Sources */ = {isa = PBXBuildFile; fileRef = 5EB7124424F966D40044E3AE /* AlbumList.swift */; };
		5EB7124824F967390044E3AE /* ABNBUrlUtility.swift in Sources */ = {isa = PBXBuildFile; fileRef = 5EB7124724F967390044E3AE /* ABNBUrlUtility.swift */; };
		5EB7124A24F967820044E3AE /* AlbumListRow.swift in Sources */ = {isa = PBXBuildFile; fileRef = 5EB7124924F967820044E3AE /* AlbumListRow.swift */; };
		5EB7124D24F968B50044E3AE /* ABNBImageView.swift in Sources */ = {isa = PBXBuildFile; fileRef = 5EB7124C24F968B50044E3AE /* ABNBImageView.swift */; };
		5EB7124F24F968EC0044E3AE /* ABNBActivityIndicatorView.swift in Sources */ = {isa = PBXBuildFile; fileRef = 5EB7124E24F968EC0044E3AE /* ABNBActivityIndicatorView.swift */; };
		5EB7125124F985C90044E3AE /* AlbumArtWorkModel.swift in Sources */ = {isa = PBXBuildFile; fileRef = 5EB7125024F985C90044E3AE /* AlbumArtWorkModel.swift */; };
		5EB7125324F986210044E3AE /* AlbumArtWorkViewModel.swift in Sources */ = {isa = PBXBuildFile; fileRef = 5EB7125224F986210044E3AE /* AlbumArtWorkViewModel.swift */; };
		5EB7125624F986E20044E3AE /* URLSession+Extension.swift in Sources */ = {isa = PBXBuildFile; fileRef = 5EB7125524F986E20044E3AE /* URLSession+Extension.swift */; };
		5EB7125824F992540044E3AE /* ABNBSearchBar.swift in Sources */ = {isa = PBXBuildFile; fileRef = 5EB7125724F992540044E3AE /* ABNBSearchBar.swift */; };
/* End PBXBuildFile section */

/* Begin PBXContainerItemProxy section */
		5EB7122C24F9616A0044E3AE /* PBXContainerItemProxy */ = {
			isa = PBXContainerItemProxy;
			containerPortal = 5EB7120D24F961670044E3AE /* Project object */;
			proxyType = 1;
			remoteGlobalIDString = 5EB7121424F961670044E3AE;
			remoteInfo = AirBnbAssignment;
		};
/* End PBXContainerItemProxy section */

/* Begin PBXFileReference section */
		5EB7121524F961670044E3AE /* AirBnbAssignment.app */ = {isa = PBXFileReference; explicitFileType = wrapper.application; includeInIndex = 0; path = AirBnbAssignment.app; sourceTree = BUILT_PRODUCTS_DIR; };
		5EB7121824F961670044E3AE /* AppDelegate.swift */ = {isa = PBXFileReference; lastKnownFileType = sourcecode.swift; path = AppDelegate.swift; sourceTree = "<group>"; };
		5EB7121A24F961670044E3AE /* SceneDelegate.swift */ = {isa = PBXFileReference; lastKnownFileType = sourcecode.swift; path = SceneDelegate.swift; sourceTree = "<group>"; };
		5EB7121E24F9616A0044E3AE /* Assets.xcassets */ = {isa = PBXFileReference; lastKnownFileType = folder.assetcatalog; path = Assets.xcassets; sourceTree = "<group>"; };
		5EB7122124F9616A0044E3AE /* Preview Assets.xcassets */ = {isa = PBXFileReference; lastKnownFileType = folder.assetcatalog; path = "Preview Assets.xcassets"; sourceTree = "<group>"; };
		5EB7122424F9616A0044E3AE /* Base */ = {isa = PBXFileReference; lastKnownFileType = file.storyboard; name = Base; path = Base.lproj/LaunchScreen.storyboard; sourceTree = "<group>"; };
		5EB7122624F9616A0044E3AE /* Info.plist */ = {isa = PBXFileReference; lastKnownFileType = text.plist.xml; path = Info.plist; sourceTree = "<group>"; };
		5EB7122B24F9616A0044E3AE /* AirBnbAssignmentTests.xctest */ = {isa = PBXFileReference; explicitFileType = wrapper.cfbundle; includeInIndex = 0; path = AirBnbAssignmentTests.xctest; sourceTree = BUILT_PRODUCTS_DIR; };
		5EB7122F24F9616A0044E3AE /* AirBnbAssignmentTests.swift */ = {isa = PBXFileReference; lastKnownFileType = sourcecode.swift; path = AirBnbAssignmentTests.swift; sourceTree = "<group>"; };
		5EB7123124F9616A0044E3AE /* Info.plist */ = {isa = PBXFileReference; lastKnownFileType = text.plist.xml; path = Info.plist; sourceTree = "<group>"; };
		5EB7123E24F965DE0044E3AE /* ABNBNetworkService.swift */ = {isa = PBXFileReference; lastKnownFileType = sourcecode.swift; path = ABNBNetworkService.swift; sourceTree = "<group>"; };
		5EB7124024F966980044E3AE /* AlbumModel.swift */ = {isa = PBXFileReference; lastKnownFileType = sourcecode.swift; path = AlbumModel.swift; sourceTree = "<group>"; };
		5EB7124224F966A40044E3AE /* AlbumViewModel.swift */ = {isa = PBXFileReference; lastKnownFileType = sourcecode.swift; path = AlbumViewModel.swift; sourceTree = "<group>"; };
		5EB7124424F966D40044E3AE /* AlbumList.swift */ = {isa = PBXFileReference; lastKnownFileType = sourcecode.swift; path = AlbumList.swift; sourceTree = "<group>"; };
		5EB7124724F967390044E3AE /* ABNBUrlUtility.swift */ = {isa = PBXFileReference; lastKnownFileType = sourcecode.swift; path = ABNBUrlUtility.swift; sourceTree = "<group>"; };
		5EB7124924F967820044E3AE /* AlbumListRow.swift */ = {isa = PBXFileReference; lastKnownFileType = sourcecode.swift; path = AlbumListRow.swift; sourceTree = "<group>"; };
		5EB7124C24F968B50044E3AE /* ABNBImageView.swift */ = {isa = PBXFileReference; lastKnownFileType = sourcecode.swift; path = ABNBImageView.swift; sourceTree = "<group>"; };
		5EB7124E24F968EC0044E3AE /* ABNBActivityIndicatorView.swift */ = {isa = PBXFileReference; lastKnownFileType = sourcecode.swift; path = ABNBActivityIndicatorView.swift; sourceTree = "<group>"; };
		5EB7125024F985C90044E3AE /* AlbumArtWorkModel.swift */ = {isa = PBXFileReference; lastKnownFileType = sourcecode.swift; path = AlbumArtWorkModel.swift; sourceTree = "<group>"; };
		5EB7125224F986210044E3AE /* AlbumArtWorkViewModel.swift */ = {isa = PBXFileReference; lastKnownFileType = sourcecode.swift; path = AlbumArtWorkViewModel.swift; sourceTree = "<group>"; };
		5EB7125524F986E20044E3AE /* URLSession+Extension.swift */ = {isa = PBXFileReference; lastKnownFileType = sourcecode.swift; path = "URLSession+Extension.swift"; sourceTree = "<group>"; };
		5EB7125724F992540044E3AE /* ABNBSearchBar.swift */ = {isa = PBXFileReference; lastKnownFileType = sourcecode.swift; path = ABNBSearchBar.swift; sourceTree = "<group>"; };
/* End PBXFileReference section */

/* Begin PBXFrameworksBuildPhase section */
		5EB7121224F961670044E3AE /* Frameworks */ = {
			isa = PBXFrameworksBuildPhase;
			buildActionMask = 2147483647;
			files = (
			);
			runOnlyForDeploymentPostprocessing = 0;
		};
		5EB7122824F9616A0044E3AE /* Frameworks */ = {
			isa = PBXFrameworksBuildPhase;
			buildActionMask = 2147483647;
			files = (
			);
			runOnlyForDeploymentPostprocessing = 0;
		};
/* End PBXFrameworksBuildPhase section */

/* Begin PBXGroup section */
		5EB7120C24F961670044E3AE = {
			isa = PBXGroup;
			children = (
				5EB7121724F961670044E3AE /* AirBnbAssignment */,
				5EB7122E24F9616A0044E3AE /* AirBnbAssignmentTests */,
				5EB7121624F961670044E3AE /* Products */,
			);
			sourceTree = "<group>";
		};
		5EB7121624F961670044E3AE /* Products */ = {
			isa = PBXGroup;
			children = (
				5EB7121524F961670044E3AE /* AirBnbAssignment.app */,
				5EB7122B24F9616A0044E3AE /* AirBnbAssignmentTests.xctest */,
			);
			name = Products;
			sourceTree = "<group>";
		};
		5EB7121724F961670044E3AE /* AirBnbAssignment */ = {
			isa = PBXGroup;
			children = (
				5EB7125424F986C50044E3AE /* Extension */,
				5EB7124B24F9685B0044E3AE /* CustomView */,
				5EB7124624F967250044E3AE /* Utilities */,
				5EB7123D24F965BA0044E3AE /* WebService */,
				5EB7123C24F9659D0044E3AE /* ViewModels */,
				5EB7123B24F965960044E3AE /* Models */,
				5EB7123A24F965820044E3AE /* Views */,
				5EB7121824F961670044E3AE /* AppDelegate.swift */,
				5EB7121A24F961670044E3AE /* SceneDelegate.swift */,
				5EB7121E24F9616A0044E3AE /* Assets.xcassets */,
				5EB7122324F9616A0044E3AE /* LaunchScreen.storyboard */,
				5EB7122624F9616A0044E3AE /* Info.plist */,
				5EB7122024F9616A0044E3AE /* Preview Content */,
			);
			path = AirBnbAssignment;
			sourceTree = "<group>";
		};
		5EB7122024F9616A0044E3AE /* Preview Content */ = {
			isa = PBXGroup;
			children = (
				5EB7122124F9616A0044E3AE /* Preview Assets.xcassets */,
			);
			path = "Preview Content";
			sourceTree = "<group>";
		};
		5EB7122E24F9616A0044E3AE /* AirBnbAssignmentTests */ = {
			isa = PBXGroup;
			children = (
				5EB7122F24F9616A0044E3AE /* AirBnbAssignmentTests.swift */,
				5EB7123124F9616A0044E3AE /* Info.plist */,
			);
			path = AirBnbAssignmentTests;
			sourceTree = "<group>";
		};
		5EB7123A24F965820044E3AE /* Views */ = {
			isa = PBXGroup;
			children = (
				5EB7124424F966D40044E3AE /* AlbumList.swift */,
				5EB7124924F967820044E3AE /* AlbumListRow.swift */,
			);
			path = Views;
			sourceTree = "<group>";
		};
		5EB7123B24F965960044E3AE /* Models */ = {
			isa = PBXGroup;
			children = (
				5EB7124024F966980044E3AE /* AlbumModel.swift */,
				5EB7125024F985C90044E3AE /* AlbumArtWorkModel.swift */,
			);
			path = Models;
			sourceTree = "<group>";
		};
		5EB7123C24F9659D0044E3AE /* ViewModels */ = {
			isa = PBXGroup;
			children = (
				5EB7124224F966A40044E3AE /* AlbumViewModel.swift */,
				5EB7125224F986210044E3AE /* AlbumArtWorkViewModel.swift */,
			);
			path = ViewModels;
			sourceTree = "<group>";
		};
		5EB7123D24F965BA0044E3AE /* WebService */ = {
			isa = PBXGroup;
			children = (
				5EB7123E24F965DE0044E3AE /* ABNBNetworkService.swift */,
			);
			path = WebService;
			sourceTree = "<group>";
		};
		5EB7124624F967250044E3AE /* Utilities */ = {
			isa = PBXGroup;
			children = (
				5EB7124724F967390044E3AE /* ABNBUrlUtility.swift */,
			);
			path = Utilities;
			sourceTree = "<group>";
		};
		5EB7124B24F9685B0044E3AE /* CustomView */ = {
			isa = PBXGroup;
			children = (
				5EB7124C24F968B50044E3AE /* ABNBImageView.swift */,
				5EB7124E24F968EC0044E3AE /* ABNBActivityIndicatorView.swift */,
				5EB7125724F992540044E3AE /* ABNBSearchBar.swift */,
			);
			path = CustomView;
			sourceTree = "<group>";
		};
		5EB7125424F986C50044E3AE /* Extension */ = {
			isa = PBXGroup;
			children = (
				5EB7125524F986E20044E3AE /* URLSession+Extension.swift */,
			);
			path = Extension;
			sourceTree = "<group>";
		};
/* End PBXGroup section */

/* Begin PBXNativeTarget section */
		5EB7121424F961670044E3AE /* AirBnbAssignment */ = {
			isa = PBXNativeTarget;
			buildConfigurationList = 5EB7123424F9616A0044E3AE /* Build configuration list for PBXNativeTarget "AirBnbAssignment" */;
			buildPhases = (
				5EB7121124F961670044E3AE /* Sources */,
				5EB7121224F961670044E3AE /* Frameworks */,
				5EB7121324F961670044E3AE /* Resources */,
			);
			buildRules = (
			);
			dependencies = (
			);
			name = AirBnbAssignment;
			productName = AirBnbAssignment;
			productReference = 5EB7121524F961670044E3AE /* AirBnbAssignment.app */;
			productType = "com.apple.product-type.application";
		};
		5EB7122A24F9616A0044E3AE /* AirBnbAssignmentTests */ = {
			isa = PBXNativeTarget;
			buildConfigurationList = 5EB7123724F9616A0044E3AE /* Build configuration list for PBXNativeTarget "AirBnbAssignmentTests" */;
			buildPhases = (
				5EB7122724F9616A0044E3AE /* Sources */,
				5EB7122824F9616A0044E3AE /* Frameworks */,
				5EB7122924F9616A0044E3AE /* Resources */,
			);
			buildRules = (
			);
			dependencies = (
				5EB7122D24F9616A0044E3AE /* PBXTargetDependency */,
			);
			name = AirBnbAssignmentTests;
			productName = AirBnbAssignmentTests;
			productReference = 5EB7122B24F9616A0044E3AE /* AirBnbAssignmentTests.xctest */;
			productType = "com.apple.product-type.bundle.unit-test";
		};
/* End PBXNativeTarget section */

/* Begin PBXProject section */
		5EB7120D24F961670044E3AE /* Project object */ = {
			isa = PBXProject;
			attributes = {
				LastSwiftUpdateCheck = 1150;
				LastUpgradeCheck = 1150;
				ORGANIZATIONNAME = "Jithin M";
				TargetAttributes = {
					5EB7121424F961670044E3AE = {
						CreatedOnToolsVersion = 11.5;
					};
					5EB7122A24F9616A0044E3AE = {
						CreatedOnToolsVersion = 11.5;
						TestTargetID = 5EB7121424F961670044E3AE;
					};
				};
			};
			buildConfigurationList = 5EB7121024F961670044E3AE /* Build configuration list for PBXProject "AirBnbAssignment" */;
			compatibilityVersion = "Xcode 9.3";
			developmentRegion = en;
			hasScannedForEncodings = 0;
			knownRegions = (
				en,
				Base,
			);
			mainGroup = 5EB7120C24F961670044E3AE;
			productRefGroup = 5EB7121624F961670044E3AE /* Products */;
			projectDirPath = "";
			projectRoot = "";
			targets = (
				5EB7121424F961670044E3AE /* AirBnbAssignment */,
				5EB7122A24F9616A0044E3AE /* AirBnbAssignmentTests */,
			);
		};
/* End PBXProject section */

/* Begin PBXResourcesBuildPhase section */
		5EB7121324F961670044E3AE /* Resources */ = {
			isa = PBXResourcesBuildPhase;
			buildActionMask = 2147483647;
			files = (
				5EB7122524F9616A0044E3AE /* LaunchScreen.storyboard in Resources */,
				5EB7122224F9616A0044E3AE /* Preview Assets.xcassets in Resources */,
				5EB7121F24F9616A0044E3AE /* Assets.xcassets in Resources */,
			);
			runOnlyForDeploymentPostprocessing = 0;
		};
		5EB7122924F9616A0044E3AE /* Resources */ = {
			isa = PBXResourcesBuildPhase;
			buildActionMask = 2147483647;
			files = (
			);
			runOnlyForDeploymentPostprocessing = 0;
		};
/* End PBXResourcesBuildPhase section */

/* Begin PBXSourcesBuildPhase section */
		5EB7121124F961670044E3AE /* Sources */ = {
			isa = PBXSourcesBuildPhase;
			buildActionMask = 2147483647;
			files = (
				5EB7124324F966A40044E3AE /* AlbumViewModel.swift in Sources */,
				5EB7125324F986210044E3AE /* AlbumArtWorkViewModel.swift in Sources */,
				5EB7121924F961670044E3AE /* AppDelegate.swift in Sources */,
				5EB7124A24F967820044E3AE /* AlbumListRow.swift in Sources */,
				5EB7124524F966D40044E3AE /* AlbumList.swift in Sources */,
				5EB7125124F985C90044E3AE /* AlbumArtWorkModel.swift in Sources */,
				5EB7124D24F968B50044E3AE /* ABNBImageView.swift in Sources */,
				5EB7124824F967390044E3AE /* ABNBUrlUtility.swift in Sources */,
				5EB7124F24F968EC0044E3AE /* ABNBActivityIndicatorView.swift in Sources */,
				5EB7124124F966980044E3AE /* AlbumModel.swift in Sources */,
				5EB7125624F986E20044E3AE /* URLSession+Extension.swift in Sources */,
				5EB7121B24F961670044E3AE /* SceneDelegate.swift in Sources */,
				5EB7125824F992540044E3AE /* ABNBSearchBar.swift in Sources */,
				5EB7123F24F965DE0044E3AE /* ABNBNetworkService.swift in Sources */,
			);
			runOnlyForDeploymentPostprocessing = 0;
		};
		5EB7122724F9616A0044E3AE /* Sources */ = {
			isa = PBXSourcesBuildPhase;
			buildActionMask = 2147483647;
			files = (
				5EB7123024F9616A0044E3AE /* AirBnbAssignmentTests.swift in Sources */,
			);
			runOnlyForDeploymentPostprocessing = 0;
		};
/* End PBXSourcesBuildPhase section */

/* Begin PBXTargetDependency section */
		5EB7122D24F9616A0044E3AE /* PBXTargetDependency */ = {
			isa = PBXTargetDependency;
			target = 5EB7121424F961670044E3AE /* AirBnbAssignment */;
			targetProxy = 5EB7122C24F9616A0044E3AE /* PBXContainerItemProxy */;
		};
/* End PBXTargetDependency section */

/* Begin PBXVariantGroup section */
		5EB7122324F9616A0044E3AE /* LaunchScreen.storyboard */ = {
			isa = PBXVariantGroup;
			children = (
				5EB7122424F9616A0044E3AE /* Base */,
			);
			name = LaunchScreen.storyboard;
			sourceTree = "<group>";
		};
/* End PBXVariantGroup section */

/* Begin XCBuildConfiguration section */
		5EB7123224F9616A0044E3AE /* Debug */ = {
			isa = XCBuildConfiguration;
			buildSettings = {
				ALWAYS_SEARCH_USER_PATHS = NO;
				CLANG_ANALYZER_NONNULL = YES;
				CLANG_ANALYZER_NUMBER_OBJECT_CONVERSION = YES_AGGRESSIVE;
				CLANG_CXX_LANGUAGE_STANDARD = "gnu++14";
				CLANG_CXX_LIBRARY = "libc++";
				CLANG_ENABLE_MODULES = YES;
				CLANG_ENABLE_OBJC_ARC = YES;
				CLANG_ENABLE_OBJC_WEAK = YES;
				CLANG_WARN_BLOCK_CAPTURE_AUTORELEASING = YES;
				CLANG_WARN_BOOL_CONVERSION = YES;
				CLANG_WARN_COMMA = YES;
				CLANG_WARN_CONSTANT_CONVERSION = YES;
				CLANG_WARN_DEPRECATED_OBJC_IMPLEMENTATIONS = YES;
				CLANG_WARN_DIRECT_OBJC_ISA_USAGE = YES_ERROR;
				CLANG_WARN_DOCUMENTATION_COMMENTS = YES;
				CLANG_WARN_EMPTY_BODY = YES;
				CLANG_WARN_ENUM_CONVERSION = YES;
				CLANG_WARN_INFINITE_RECURSION = YES;
				CLANG_WARN_INT_CONVERSION = YES;
				CLANG_WARN_NON_LITERAL_NULL_CONVERSION = YES;
				CLANG_WARN_OBJC_IMPLICIT_RETAIN_SELF = YES;
				CLANG_WARN_OBJC_LITERAL_CONVERSION = YES;
				CLANG_WARN_OBJC_ROOT_CLASS = YES_ERROR;
				CLANG_WARN_RANGE_LOOP_ANALYSIS = YES;
				CLANG_WARN_STRICT_PROTOTYPES = YES;
				CLANG_WARN_SUSPICIOUS_MOVE = YES;
				CLANG_WARN_UNGUARDED_AVAILABILITY = YES_AGGRESSIVE;
				CLANG_WARN_UNREACHABLE_CODE = YES;
				CLANG_WARN__DUPLICATE_METHOD_MATCH = YES;
				COPY_PHASE_STRIP = NO;
				DEBUG_INFORMATION_FORMAT = dwarf;
				ENABLE_STRICT_OBJC_MSGSEND = YES;
				ENABLE_TESTABILITY = YES;
				GCC_C_LANGUAGE_STANDARD = gnu11;
				GCC_DYNAMIC_NO_PIC = NO;
				GCC_NO_COMMON_BLOCKS = YES;
				GCC_OPTIMIZATION_LEVEL = 0;
				GCC_PREPROCESSOR_DEFINITIONS = (
					"DEBUG=1",
					"$(inherited)",
				);
				GCC_WARN_64_TO_32_BIT_CONVERSION = YES;
				GCC_WARN_ABOUT_RETURN_TYPE = YES_ERROR;
				GCC_WARN_UNDECLARED_SELECTOR = YES;
				GCC_WARN_UNINITIALIZED_AUTOS = YES_AGGRESSIVE;
				GCC_WARN_UNUSED_FUNCTION = YES;
				GCC_WARN_UNUSED_VARIABLE = YES;
				IPHONEOS_DEPLOYMENT_TARGET = 13.5;
				MTL_ENABLE_DEBUG_INFO = INCLUDE_SOURCE;
				MTL_FAST_MATH = YES;
				ONLY_ACTIVE_ARCH = YES;
				SDKROOT = iphoneos;
				SWIFT_ACTIVE_COMPILATION_CONDITIONS = DEBUG;
				SWIFT_OPTIMIZATION_LEVEL = "-Onone";
			};
			name = Debug;
		};
		5EB7123324F9616A0044E3AE /* Release */ = {
			isa = XCBuildConfiguration;
			buildSettings = {
				ALWAYS_SEARCH_USER_PATHS = NO;
				CLANG_ANALYZER_NONNULL = YES;
				CLANG_ANALYZER_NUMBER_OBJECT_CONVERSION = YES_AGGRESSIVE;
				CLANG_CXX_LANGUAGE_STANDARD = "gnu++14";
				CLANG_CXX_LIBRARY = "libc++";
				CLANG_ENABLE_MODULES = YES;
				CLANG_ENABLE_OBJC_ARC = YES;
				CLANG_ENABLE_OBJC_WEAK = YES;
				CLANG_WARN_BLOCK_CAPTURE_AUTORELEASING = YES;
				CLANG_WARN_BOOL_CONVERSION = YES;
				CLANG_WARN_COMMA = YES;
				CLANG_WARN_CONSTANT_CONVERSION = YES;
				CLANG_WARN_DEPRECATED_OBJC_IMPLEMENTATIONS = YES;
				CLANG_WARN_DIRECT_OBJC_ISA_USAGE = YES_ERROR;
				CLANG_WARN_DOCUMENTATION_COMMENTS = YES;
				CLANG_WARN_EMPTY_BODY = YES;
				CLANG_WARN_ENUM_CONVERSION = YES;
				CLANG_WARN_INFINITE_RECURSION = YES;
				CLANG_WARN_INT_CONVERSION = YES;
				CLANG_WARN_NON_LITERAL_NULL_CONVERSION = YES;
				CLANG_WARN_OBJC_IMPLICIT_RETAIN_SELF = YES;
				CLANG_WARN_OBJC_LITERAL_CONVERSION = YES;
				CLANG_WARN_OBJC_ROOT_CLASS = YES_ERROR;
				CLANG_WARN_RANGE_LOOP_ANALYSIS = YES;
				CLANG_WARN_STRICT_PROTOTYPES = YES;
				CLANG_WARN_SUSPICIOUS_MOVE = YES;
				CLANG_WARN_UNGUARDED_AVAILABILITY = YES_AGGRESSIVE;
				CLANG_WARN_UNREACHABLE_CODE = YES;
				CLANG_WARN__DUPLICATE_METHOD_MATCH = YES;
				COPY_PHASE_STRIP = NO;
				DEBUG_INFORMATION_FORMAT = "dwarf-with-dsym";
				ENABLE_NS_ASSERTIONS = NO;
				ENABLE_STRICT_OBJC_MSGSEND = YES;
				GCC_C_LANGUAGE_STANDARD = gnu11;
				GCC_NO_COMMON_BLOCKS = YES;
				GCC_WARN_64_TO_32_BIT_CONVERSION = YES;
				GCC_WARN_ABOUT_RETURN_TYPE = YES_ERROR;
				GCC_WARN_UNDECLARED_SELECTOR = YES;
				GCC_WARN_UNINITIALIZED_AUTOS = YES_AGGRESSIVE;
				GCC_WARN_UNUSED_FUNCTION = YES;
				GCC_WARN_UNUSED_VARIABLE = YES;
				IPHONEOS_DEPLOYMENT_TARGET = 13.5;
				MTL_ENABLE_DEBUG_INFO = NO;
				MTL_FAST_MATH = YES;
				SDKROOT = iphoneos;
				SWIFT_COMPILATION_MODE = wholemodule;
				SWIFT_OPTIMIZATION_LEVEL = "-O";
				VALIDATE_PRODUCT = YES;
			};
			name = Release;
		};
		5EB7123524F9616A0044E3AE /* Debug */ = {
			isa = XCBuildConfiguration;
			buildSettings = {
				ASSETCATALOG_COMPILER_APPICON_NAME = AppIcon;
				CODE_SIGN_STYLE = Automatic;
				DEVELOPMENT_ASSET_PATHS = "\"AirBnbAssignment/Preview Content\"";
				ENABLE_PREVIEWS = YES;
				INFOPLIST_FILE = AirBnbAssignment/Info.plist;
				LD_RUNPATH_SEARCH_PATHS = (
					"$(inherited)",
					"@executable_path/Frameworks",
				);
				PRODUCT_BUNDLE_IDENTIFIER = com.jithinm14.AirBnbAssignment;
				PRODUCT_NAME = "$(TARGET_NAME)";
				SWIFT_VERSION = 5.0;
				TARGETED_DEVICE_FAMILY = "1,2";
			};
			name = Debug;
		};
		5EB7123624F9616A0044E3AE /* Release */ = {
			isa = XCBuildConfiguration;
			buildSettings = {
				ASSETCATALOG_COMPILER_APPICON_NAME = AppIcon;
				CODE_SIGN_STYLE = Automatic;
				DEVELOPMENT_ASSET_PATHS = "\"AirBnbAssignment/Preview Content\"";
				ENABLE_PREVIEWS = YES;
				INFOPLIST_FILE = AirBnbAssignment/Info.plist;
				LD_RUNPATH_SEARCH_PATHS = (
					"$(inherited)",
					"@executable_path/Frameworks",
				);
				PRODUCT_BUNDLE_IDENTIFIER = com.jithinm14.AirBnbAssignment;
				PRODUCT_NAME = "$(TARGET_NAME)";
				SWIFT_VERSION = 5.0;
				TARGETED_DEVICE_FAMILY = "1,2";
			};
			name = Release;
		};
		5EB7123824F9616A0044E3AE /* Debug */ = {
			isa = XCBuildConfiguration;
			buildSettings = {
				ALWAYS_EMBED_SWIFT_STANDARD_LIBRARIES = YES;
				BUNDLE_LOADER = "$(TEST_HOST)";
				CODE_SIGN_STYLE = Automatic;
				INFOPLIST_FILE = AirBnbAssignmentTests/Info.plist;
				IPHONEOS_DEPLOYMENT_TARGET = 13.5;
				LD_RUNPATH_SEARCH_PATHS = (
					"$(inherited)",
					"@executable_path/Frameworks",
					"@loader_path/Frameworks",
				);
				PRODUCT_BUNDLE_IDENTIFIER = com.jithinm14.AirBnbAssignmentTests;
				PRODUCT_NAME = "$(TARGET_NAME)";
				SWIFT_VERSION = 5.0;
				TARGETED_DEVICE_FAMILY = "1,2";
				TEST_HOST = "$(BUILT_PRODUCTS_DIR)/AirBnbAssignment.app/AirBnbAssignment";
			};
			name = Debug;
		};
		5EB7123924F9616A0044E3AE /* Release */ = {
			isa = XCBuildConfiguration;
			buildSettings = {
				ALWAYS_EMBED_SWIFT_STANDARD_LIBRARIES = YES;
				BUNDLE_LOADER = "$(TEST_HOST)";
				CODE_SIGN_STYLE = Automatic;
				INFOPLIST_FILE = AirBnbAssignmentTests/Info.plist;
				IPHONEOS_DEPLOYMENT_TARGET = 13.5;
				LD_RUNPATH_SEARCH_PATHS = (
					"$(inherited)",
					"@executable_path/Frameworks",
					"@loader_path/Frameworks",
				);
				PRODUCT_BUNDLE_IDENTIFIER = com.jithinm14.AirBnbAssignmentTests;
				PRODUCT_NAME = "$(TARGET_NAME)";
				SWIFT_VERSION = 5.0;
				TARGETED_DEVICE_FAMILY = "1,2";
				TEST_HOST = "$(BUILT_PRODUCTS_DIR)/AirBnbAssignment.app/AirBnbAssignment";
			};
			name = Release;
		};
/* End XCBuildConfiguration section */

/* Begin XCConfigurationList section */
		5EB7121024F961670044E3AE /* Build configuration list for PBXProject "AirBnbAssignment" */ = {
			isa = XCConfigurationList;
			buildConfigurations = (
				5EB7123224F9616A0044E3AE /* Debug */,
				5EB7123324F9616A0044E3AE /* Release */,
			);
			defaultConfigurationIsVisible = 0;
			defaultConfigurationName = Release;
		};
		5EB7123424F9616A0044E3AE /* Build configuration list for PBXNativeTarget "AirBnbAssignment" */ = {
			isa = XCConfigurationList;
			buildConfigurations = (
				5EB7123524F9616A0044E3AE /* Debug */,
				5EB7123624F9616A0044E3AE /* Release */,
			);
			defaultConfigurationIsVisible = 0;
			defaultConfigurationName = Release;
		};
		5EB7123724F9616A0044E3AE /* Build configuration list for PBXNativeTarget "AirBnbAssignmentTests" */ = {
			isa = XCConfigurationList;
			buildConfigurations = (
				5EB7123824F9616A0044E3AE /* Debug */,
				5EB7123924F9616A0044E3AE /* Release */,
			);
			defaultConfigurationIsVisible = 0;
			defaultConfigurationName = Release;
		};
/* End XCConfigurationList section */
	};
	rootObject = 5EB7120D24F961670044E3AE /* Project object */;
}
